
Microsoft Visual Studio Solution File, Format Version 12.00
# Visual Studio Version 16
VisualStudioVersion = 16.0.31205.134
MinimumVisualStudioVersion = 10.0.40219.1
Project("{FAE04EC0-301F-11D3-BF4B-00C04F79EFBC}") = "GameServer", "GameServer\GameServer.csproj", "{40013E86-FBEC-4B81-988A-53E17A52AACC}"
EndProject
Global
	GlobalSection(SolutionConfigurationPlatforms) = preSolution
		Debug|Any CPU = Debug|Any CPU
		Release|Any CPU = Release|Any CPU
	EndGlobalSection
	GlobalSection(ProjectConfigurationPlatforms) = postSolution
		{40013E86-FBEC-4B81-988A-53E17A52AACC}.Debug|Any CPU.ActiveCfg = Debug|Any CPU
		{40013E86-FBEC-4B81-988A-53E17A52AACC}.Debug|Any CPU.Build.0 = Debug|Any CPU
		{40013E86-FBEC-4B81-988A-53E17A52AACC}.Release|Any CPU.ActiveCfg = Release|Any CPU
		{40013E86-FBEC-4B81-988A-53E17A52AACC}.Release|Any CPU.Build.0 = Release|Any CPU
	EndGlobalSection
	GlobalSection(SolutionProperties) = preSolution
		HideSolutionNode = FALSE
	EndGlobalSection
	GlobalSection(ExtensibilityGlobals) = postSolution
		SolutionGuid = {260F1566-3E44-489E-8291-D45B3133AEDE}
	EndGlobalSection
EndGlobal
